
Microsoft Visual Studio Solution File, Format Version 12.00
# Visual Studio Version 17
VisualStudioVersion = 17.11.35222.181
MinimumVisualStudioVersion = 10.0.40219.1
Project("{8BC9CEB8-8B4A-11D0-8D11-00A0C91BC942}") = "meow5_3", "meow5_3\meow5_3.vcxproj", "{3A7871D2-7778-4107-909A-E462D0DB62CB}"
EndProject
Global
	GlobalSection(SolutionConfigurationPlatforms) = preSolution
		Debug|x64 = Debug|x64
		Debug|x86 = Debug|x86
		Release|x64 = Release|x64
		Release|x86 = Release|x86
	EndGlobalSection
	GlobalSection(ProjectConfigurationPlatforms) = postSolution
		{3A7871D2-7778-4107-909A-E462D0DB62CB}.Debug|x64.ActiveCfg = Debug|x64
		{3A7871D2-7778-4107-909A-E462D0DB62CB}.Debug|x64.Build.0 = Debug|x64
		{3A7871D2-7778-4107-909A-E462D0DB62CB}.Debug|x86.ActiveCfg = Debug|Win32
		{3A7871D2-7778-4107-909A-E462D0DB62CB}.Debug|x86.Build.0 = Debug|Win32
		{3A7871D2-7778-4107-909A-E462D0DB62CB}.Release|x64.ActiveCfg = Release|x64
		{3A7871D2-7778-4107-909A-E462D0DB62CB}.Release|x64.Build.0 = Release|x64
		{3A7871D2-7778-4107-909A-E462D0DB62CB}.Release|x86.ActiveCfg = Release|Win32
		{3A7871D2-7778-4107-909A-E462D0DB62CB}.Release|x86.Build.0 = Release|Win32
	EndGlobalSection
	GlobalSection(SolutionProperties) = preSolution
		HideSolutionNode = FALSE
	EndGlobalSection
	GlobalSection(ExtensibilityGlobals) = postSolution
		SolutionGuid = {CF24FCD9-F5D5-4D7B-9533-8C852C061371}
	EndGlobalSection
EndGlobal
