
Microsoft Visual Studio Solution File, Format Version 12.00
# Visual Studio Version 17
VisualStudioVersion = 17.11.35222.181
MinimumVisualStudioVersion = 10.0.40219.1
Project("{8BC9CEB8-8B4A-11D0-8D11-00A0C91BC942}") = "meow5_2", "meow5_2\meow5_2.vcxproj", "{1E7C7713-451F-43AA-9565-B69282C9857D}"
EndProject
Global
	GlobalSection(SolutionConfigurationPlatforms) = preSolution
		Debug|x64 = Debug|x64
		Debug|x86 = Debug|x86
		Release|x64 = Release|x64
		Release|x86 = Release|x86
	EndGlobalSection
	GlobalSection(ProjectConfigurationPlatforms) = postSolution
		{1E7C7713-451F-43AA-9565-B69282C9857D}.Debug|x64.ActiveCfg = Debug|x64
		{1E7C7713-451F-43AA-9565-B69282C9857D}.Debug|x64.Build.0 = Debug|x64
		{1E7C7713-451F-43AA-9565-B69282C9857D}.Debug|x86.ActiveCfg = Debug|Win32
		{1E7C7713-451F-43AA-9565-B69282C9857D}.Debug|x86.Build.0 = Debug|Win32
		{1E7C7713-451F-43AA-9565-B69282C9857D}.Release|x64.ActiveCfg = Release|x64
		{1E7C7713-451F-43AA-9565-B69282C9857D}.Release|x64.Build.0 = Release|x64
		{1E7C7713-451F-43AA-9565-B69282C9857D}.Release|x86.ActiveCfg = Release|Win32
		{1E7C7713-451F-43AA-9565-B69282C9857D}.Release|x86.Build.0 = Release|Win32
	EndGlobalSection
	GlobalSection(SolutionProperties) = preSolution
		HideSolutionNode = FALSE
	EndGlobalSection
	GlobalSection(ExtensibilityGlobals) = postSolution
		SolutionGuid = {553C72C9-60FC-4FFB-BAEE-53689233A39B}
	EndGlobalSection
EndGlobal
