
Microsoft Visual Studio Solution File, Format Version 12.00
# Visual Studio Version 17
VisualStudioVersion = 17.13.35828.75 d17.13
MinimumVisualStudioVersion = 10.0.40219.1
Project("{54A90642-561A-4BB1-A94E-469ADEE60C69}") = "meooow", "meooow\meooow.esproj", "{7309ECBD-CBED-9424-5678-4982FE0A8F05}"
EndProject
Global
	GlobalSection(SolutionConfigurationPlatforms) = preSolution
		Debug|Any CPU = Debug|Any CPU
		Release|Any CPU = Release|Any CPU
	EndGlobalSection
	GlobalSection(ProjectConfigurationPlatforms) = postSolution
		{7309ECBD-CBED-9424-5678-4982FE0A8F05}.Debug|Any CPU.ActiveCfg = Debug|Any CPU
		{7309ECBD-CBED-9424-5678-4982FE0A8F05}.Debug|Any CPU.Build.0 = Debug|Any CPU
		{7309ECBD-CBED-9424-5678-4982FE0A8F05}.Debug|Any CPU.Deploy.0 = Debug|Any CPU
		{7309ECBD-CBED-9424-5678-4982FE0A8F05}.Release|Any CPU.ActiveCfg = Release|Any CPU
		{7309ECBD-CBED-9424-5678-4982FE0A8F05}.Release|Any CPU.Build.0 = Release|Any CPU
		{7309ECBD-CBED-9424-5678-4982FE0A8F05}.Release|Any CPU.Deploy.0 = Release|Any CPU
	EndGlobalSection
	GlobalSection(SolutionProperties) = preSolution
		HideSolutionNode = FALSE
	EndGlobalSection
	GlobalSection(ExtensibilityGlobals) = postSolution
		SolutionGuid = {DF94D1EB-14AF-44A2-AD63-69D6F27AE62A}
	EndGlobalSection
EndGlobal
