
Microsoft Visual Studio Solution File, Format Version 12.00
# Visual Studio Version 17
VisualStudioVersion = 17.11.35222.181
MinimumVisualStudioVersion = 10.0.40219.1
Project("{8BC9CEB8-8B4A-11D0-8D11-00A0C91BC942}") = "3_2", "3_2\3_2.vcxproj", "{A52DAFE9-3FB1-4E37-A594-5D420BD22407}"
EndProject
Global
	GlobalSection(SolutionConfigurationPlatforms) = preSolution
		Debug|x64 = Debug|x64
		Debug|x86 = Debug|x86
		Release|x64 = Release|x64
		Release|x86 = Release|x86
	EndGlobalSection
	GlobalSection(ProjectConfigurationPlatforms) = postSolution
		{A52DAFE9-3FB1-4E37-A594-5D420BD22407}.Debug|x64.ActiveCfg = Debug|x64
		{A52DAFE9-3FB1-4E37-A594-5D420BD22407}.Debug|x64.Build.0 = Debug|x64
		{A52DAFE9-3FB1-4E37-A594-5D420BD22407}.Debug|x86.ActiveCfg = Debug|Win32
		{A52DAFE9-3FB1-4E37-A594-5D420BD22407}.Debug|x86.Build.0 = Debug|Win32
		{A52DAFE9-3FB1-4E37-A594-5D420BD22407}.Release|x64.ActiveCfg = Release|x64
		{A52DAFE9-3FB1-4E37-A594-5D420BD22407}.Release|x64.Build.0 = Release|x64
		{A52DAFE9-3FB1-4E37-A594-5D420BD22407}.Release|x86.ActiveCfg = Release|Win32
		{A52DAFE9-3FB1-4E37-A594-5D420BD22407}.Release|x86.Build.0 = Release|Win32
	EndGlobalSection
	GlobalSection(SolutionProperties) = preSolution
		HideSolutionNode = FALSE
	EndGlobalSection
	GlobalSection(ExtensibilityGlobals) = postSolution
		SolutionGuid = {D38E8402-E792-4D2B-939C-908DE1589853}
	EndGlobalSection
EndGlobal
