
Microsoft Visual Studio Solution File, Format Version 12.00
# Visual Studio Version 17
VisualStudioVersion = 17.11.35222.181
MinimumVisualStudioVersion = 10.0.40219.1
Project("{8BC9CEB8-8B4A-11D0-8D11-00A0C91BC942}") = "emae1_1", "emae1_1\emae1_1.vcxproj", "{B0410DA0-3D29-4710-9338-EA6983D90317}"
EndProject
Global
	GlobalSection(SolutionConfigurationPlatforms) = preSolution
		Debug|x64 = Debug|x64
		Debug|x86 = Debug|x86
		Release|x64 = Release|x64
		Release|x86 = Release|x86
	EndGlobalSection
	GlobalSection(ProjectConfigurationPlatforms) = postSolution
		{B0410DA0-3D29-4710-9338-EA6983D90317}.Debug|x64.ActiveCfg = Debug|x64
		{B0410DA0-3D29-4710-9338-EA6983D90317}.Debug|x64.Build.0 = Debug|x64
		{B0410DA0-3D29-4710-9338-EA6983D90317}.Debug|x86.ActiveCfg = Debug|Win32
		{B0410DA0-3D29-4710-9338-EA6983D90317}.Debug|x86.Build.0 = Debug|Win32
		{B0410DA0-3D29-4710-9338-EA6983D90317}.Release|x64.ActiveCfg = Release|x64
		{B0410DA0-3D29-4710-9338-EA6983D90317}.Release|x64.Build.0 = Release|x64
		{B0410DA0-3D29-4710-9338-EA6983D90317}.Release|x86.ActiveCfg = Release|Win32
		{B0410DA0-3D29-4710-9338-EA6983D90317}.Release|x86.Build.0 = Release|Win32
	EndGlobalSection
	GlobalSection(SolutionProperties) = preSolution
		HideSolutionNode = FALSE
	EndGlobalSection
	GlobalSection(ExtensibilityGlobals) = postSolution
		SolutionGuid = {5365D661-005A-4047-BA76-1FAA5716277F}
	EndGlobalSection
EndGlobal
